
Microsoft Visual Studio Solution File, Format Version 12.00
# Visual Studio Version 16
VisualStudioVersion = 16.0.31729.503
MinimumVisualStudioVersion = 10.0.40219.1
Project("{888888A0-9F3D-457C-B088-3A5042F75D52}") = "game", "game.pyproj", "{1AA2E905-D7CB-489A-AEC7-9D3AB28EB688}"
EndProject
Global
	GlobalSection(SolutionConfigurationPlatforms) = preSolution
		Debug|Any CPU = Debug|Any CPU
		Release|Any CPU = Release|Any CPU
	EndGlobalSection
	GlobalSection(ProjectConfigurationPlatforms) = postSolution
		{1AA2E905-D7CB-489A-AEC7-9D3AB28EB688}.Debug|Any CPU.ActiveCfg = Debug|Any CPU
		{1AA2E905-D7CB-489A-AEC7-9D3AB28EB688}.Release|Any CPU.ActiveCfg = Release|Any CPU
	EndGlobalSection
	GlobalSection(SolutionProperties) = preSolution
		HideSolutionNode = FALSE
	EndGlobalSection
	GlobalSection(ExtensibilityGlobals) = postSolution
		SolutionGuid = {8AF7B71A-F260-47E4-BB05-CA2F673347B0}
	EndGlobalSection
EndGlobal
